
Microsoft Visual Studio Solution File, Format Version 12.00
# Visual Studio Version 16
VisualStudioVersion = 16.0.29926.136
MinimumVisualStudioVersion = 10.0.40219.1
Project("{FAE04EC0-301F-11D3-BF4B-00C04F79EFBC}") = "BlazorApp1", "BlazorApp1\BlazorApp1.csproj", "{B323A046-C4D9-4F70-A6F6-3DFE49E4AF4C}"
EndProject
Global
	GlobalSection(SolutionConfigurationPlatforms) = preSolution
		Debug|Any CPU = Debug|Any CPU
		Release|Any CPU = Release|Any CPU
	EndGlobalSection
	GlobalSection(ProjectConfigurationPlatforms) = postSolution
		{B323A046-C4D9-4F70-A6F6-3DFE49E4AF4C}.Debug|Any CPU.ActiveCfg = Debug|Any CPU
		{B323A046-C4D9-4F70-A6F6-3DFE49E4AF4C}.Debug|Any CPU.Build.0 = Debug|Any CPU
		{B323A046-C4D9-4F70-A6F6-3DFE49E4AF4C}.Release|Any CPU.ActiveCfg = Release|Any CPU
		{B323A046-C4D9-4F70-A6F6-3DFE49E4AF4C}.Release|Any CPU.Build.0 = Release|Any CPU
	EndGlobalSection
	GlobalSection(SolutionProperties) = preSolution
		HideSolutionNode = FALSE
	EndGlobalSection
	GlobalSection(ExtensibilityGlobals) = postSolution
		SolutionGuid = {F5129010-CEA4-416C-A8D5-53A48077E592}
	EndGlobalSection
EndGlobal
